
Microsoft Visual Studio Solution File, Format Version 12.00
# Visual Studio 15
VisualStudioVersion = 15.0.28307.136
MinimumVisualStudioVersion = 10.0.40219.1
Project("{FAE04EC0-301F-11D3-BF4B-00C04F79EFBC}") = "Szkola.Android", "Szkola\Szkola.Android\Szkola.Android.csproj", "{163A75C3-B0C0-4E6D-A88B-6163DA7EB0E5}"
EndProject
Project("{FAE04EC0-301F-11D3-BF4B-00C04F79EFBC}") = "Szkola.iOS", "Szkola\Szkola.iOS\Szkola.iOS.csproj", "{CEAA2A08-E8CA-48E5-942B-D184F3EFF229}"
EndProject
Project("{FAE04EC0-301F-11D3-BF4B-00C04F79EFBC}") = "Szkola.UWP", "Szkola\Szkola.UWP\Szkola.UWP.csproj", "{65A33D64-F8A6-4046-8037-69381F401F32}"
EndProject
Project("{FAE04EC0-301F-11D3-BF4B-00C04F79EFBC}") = "Szkola", "Szkola\Szkola\Szkola.csproj", "{8C6D317B-B667-480E-98B2-73179ED6792C}"
EndProject
Global
	GlobalSection(SolutionConfigurationPlatforms) = preSolution
		Ad-Hoc|Any CPU = Ad-Hoc|Any CPU
		Ad-Hoc|ARM = Ad-Hoc|ARM
		Ad-Hoc|iPhone = Ad-Hoc|iPhone
		Ad-Hoc|iPhoneSimulator = Ad-Hoc|iPhoneSimulator
		Ad-Hoc|x64 = Ad-Hoc|x64
		Ad-Hoc|x86 = Ad-Hoc|x86
		AppStore|Any CPU = AppStore|Any CPU
		AppStore|ARM = AppStore|ARM
		AppStore|iPhone = AppStore|iPhone
		AppStore|iPhoneSimulator = AppStore|iPhoneSimulator
		AppStore|x64 = AppStore|x64
		AppStore|x86 = AppStore|x86
		Debug|Any CPU = Debug|Any CPU
		Debug|ARM = Debug|ARM
		Debug|iPhone = Debug|iPhone
		Debug|iPhoneSimulator = Debug|iPhoneSimulator
		Debug|x64 = Debug|x64
		Debug|x86 = Debug|x86
		Release|Any CPU = Release|Any CPU
		Release|ARM = Release|ARM
		Release|iPhone = Release|iPhone
		Release|iPhoneSimulator = Release|iPhoneSimulator
		Release|x64 = Release|x64
		Release|x86 = Release|x86
	EndGlobalSection
	GlobalSection(ProjectConfigurationPlatforms) = postSolution
		{163A75C3-B0C0-4E6D-A88B-6163DA7EB0E5}.Ad-Hoc|Any CPU.ActiveCfg = Release|Any CPU
		{163A75C3-B0C0-4E6D-A88B-6163DA7EB0E5}.Ad-Hoc|Any CPU.Build.0 = Release|Any CPU
		{163A75C3-B0C0-4E6D-A88B-6163DA7EB0E5}.Ad-Hoc|Any CPU.Deploy.0 = Release|Any CPU
		{163A75C3-B0C0-4E6D-A88B-6163DA7EB0E5}.Ad-Hoc|ARM.ActiveCfg = Release|Any CPU
		{163A75C3-B0C0-4E6D-A88B-6163DA7EB0E5}.Ad-Hoc|ARM.Build.0 = Release|Any CPU
		{163A75C3-B0C0-4E6D-A88B-6163DA7EB0E5}.Ad-Hoc|ARM.Deploy.0 = Release|Any CPU
		{163A75C3-B0C0-4E6D-A88B-6163DA7EB0E5}.Ad-Hoc|iPhone.ActiveCfg = Release|Any CPU
		{163A75C3-B0C0-4E6D-A88B-6163DA7EB0E5}.Ad-Hoc|iPhone.Build.0 = Release|Any CPU
		{163A75C3-B0C0-4E6D-A88B-6163DA7EB0E5}.Ad-Hoc|iPhone.Deploy.0 = Release|Any CPU
		{163A75C3-B0C0-4E6D-A88B-6163DA7EB0E5}.Ad-Hoc|iPhoneSimulator.ActiveCfg = Release|Any CPU
		{163A75C3-B0C0-4E6D-A88B-6163DA7EB0E5}.Ad-Hoc|iPhoneSimulator.Build.0 = Release|Any CPU
		{163A75C3-B0C0-4E6D-A88B-6163DA7EB0E5}.Ad-Hoc|iPhoneSimulator.Deploy.0 = Release|Any CPU
		{163A75C3-B0C0-4E6D-A88B-6163DA7EB0E5}.Ad-Hoc|x64.ActiveCfg = Release|Any CPU
		{163A75C3-B0C0-4E6D-A88B-6163DA7EB0E5}.Ad-Hoc|x64.Build.0 = Release|Any CPU
		{163A75C3-B0C0-4E6D-A88B-6163DA7EB0E5}.Ad-Hoc|x64.Deploy.0 = Release|Any CPU
		{163A75C3-B0C0-4E6D-A88B-6163DA7EB0E5}.Ad-Hoc|x86.ActiveCfg = Release|Any CPU
		{163A75C3-B0C0-4E6D-A88B-6163DA7EB0E5}.Ad-Hoc|x86.Build.0 = Release|Any CPU
		{163A75C3-B0C0-4E6D-A88B-6163DA7EB0E5}.Ad-Hoc|x86.Deploy.0 = Release|Any CPU
		{163A75C3-B0C0-4E6D-A88B-6163DA7EB0E5}.AppStore|Any CPU.ActiveCfg = Release|Any CPU
		{163A75C3-B0C0-4E6D-A88B-6163DA7EB0E5}.AppStore|Any CPU.Build.0 = Release|Any CPU
		{163A75C3-B0C0-4E6D-A88B-6163DA7EB0E5}.AppStore|Any CPU.Deploy.0 = Release|Any CPU
		{163A75C3-B0C0-4E6D-A88B-6163DA7EB0E5}.AppStore|ARM.ActiveCfg = Release|Any CPU
		{163A75C3-B0C0-4E6D-A88B-6163DA7EB0E5}.AppStore|ARM.Build.0 = Release|Any CPU
		{163A75C3-B0C0-4E6D-A88B-6163DA7EB0E5}.AppStore|ARM.Deploy.0 = Release|Any CPU
		{163A75C3-B0C0-4E6D-A88B-6163DA7EB0E5}.AppStore|iPhone.ActiveCfg = Release|Any CPU
		{163A75C3-B0C0-4E6D-A88B-6163DA7EB0E5}.AppStore|iPhone.Build.0 = Release|Any CPU
		{163A75C3-B0C0-4E6D-A88B-6163DA7EB0E5}.AppStore|iPhone.Deploy.0 = Release|Any CPU
		{163A75C3-B0C0-4E6D-A88B-6163DA7EB0E5}.AppStore|iPhoneSimulator.ActiveCfg = Release|Any CPU
		{163A75C3-B0C0-4E6D-A88B-6163DA7EB0E5}.AppStore|iPhoneSimulator.Build.0 = Release|Any CPU
		{163A75C3-B0C0-4E6D-A88B-6163DA7EB0E5}.AppStore|iPhoneSimulator.Deploy.0 = Release|Any CPU
		{163A75C3-B0C0-4E6D-A88B-6163DA7EB0E5}.AppStore|x64.ActiveCfg = Release|Any CPU
		{163A75C3-B0C0-4E6D-A88B-6163DA7EB0E5}.AppStore|x64.Build.0 = Release|Any CPU
		{163A75C3-B0C0-4E6D-A88B-6163DA7EB0E5}.AppStore|x64.Deploy.0 = Release|Any CPU
		{163A75C3-B0C0-4E6D-A88B-6163DA7EB0E5}.AppStore|x86.ActiveCfg = Release|Any CPU
		{163A75C3-B0C0-4E6D-A88B-6163DA7EB0E5}.AppStore|x86.Build.0 = Release|Any CPU
		{163A75C3-B0C0-4E6D-A88B-6163DA7EB0E5}.AppStore|x86.Deploy.0 = Release|Any CPU
		{163A75C3-B0C0-4E6D-A88B-6163DA7EB0E5}.Debug|Any CPU.ActiveCfg = Debug|Any CPU
		{163A75C3-B0C0-4E6D-A88B-6163DA7EB0E5}.Debug|Any CPU.Build.0 = Debug|Any CPU
		{163A75C3-B0C0-4E6D-A88B-6163DA7EB0E5}.Debug|Any CPU.Deploy.0 = Debug|Any CPU
		{163A75C3-B0C0-4E6D-A88B-6163DA7EB0E5}.Debug|ARM.ActiveCfg = Debug|Any CPU
		{163A75C3-B0C0-4E6D-A88B-6163DA7EB0E5}.Debug|ARM.Build.0 = Debug|Any CPU
		{163A75C3-B0C0-4E6D-A88B-6163DA7EB0E5}.Debug|ARM.Deploy.0 = Debug|Any CPU
		{163A75C3-B0C0-4E6D-A88B-6163DA7EB0E5}.Debug|iPhone.ActiveCfg = Debug|Any CPU
		{163A75C3-B0C0-4E6D-A88B-6163DA7EB0E5}.Debug|iPhone.Build.0 = Debug|Any CPU
		{163A75C3-B0C0-4E6D-A88B-6163DA7EB0E5}.Debug|iPhone.Deploy.0 = Debug|Any CPU
		{163A75C3-B0C0-4E6D-A88B-6163DA7EB0E5}.Debug|iPhoneSimulator.ActiveCfg = Debug|Any CPU
		{163A75C3-B0C0-4E6D-A88B-6163DA7EB0E5}.Debug|iPhoneSimulator.Build.0 = Debug|Any CPU
		{163A75C3-B0C0-4E6D-A88B-6163DA7EB0E5}.Debug|iPhoneSimulator.Deploy.0 = Debug|Any CPU
		{163A75C3-B0C0-4E6D-A88B-6163DA7EB0E5}.Debug|x64.ActiveCfg = Debug|Any CPU
		{163A75C3-B0C0-4E6D-A88B-6163DA7EB0E5}.Debug|x64.Build.0 = Debug|Any CPU
		{163A75C3-B0C0-4E6D-A88B-6163DA7EB0E5}.Debug|x64.Deploy.0 = Debug|Any CPU
		{163A75C3-B0C0-4E6D-A88B-6163DA7EB0E5}.Debug|x86.ActiveCfg = Debug|Any CPU
		{163A75C3-B0C0-4E6D-A88B-6163DA7EB0E5}.Debug|x86.Build.0 = Debug|Any CPU
		{163A75C3-B0C0-4E6D-A88B-6163DA7EB0E5}.Debug|x86.Deploy.0 = Debug|Any CPU
		{163A75C3-B0C0-4E6D-A88B-6163DA7EB0E5}.Release|Any CPU.ActiveCfg = Release|Any CPU
		{163A75C3-B0C0-4E6D-A88B-6163DA7EB0E5}.Release|Any CPU.Build.0 = Release|Any CPU
		{163A75C3-B0C0-4E6D-A88B-6163DA7EB0E5}.Release|Any CPU.Deploy.0 = Release|Any CPU
		{163A75C3-B0C0-4E6D-A88B-6163DA7EB0E5}.Release|ARM.ActiveCfg = Release|Any CPU
		{163A75C3-B0C0-4E6D-A88B-6163DA7EB0E5}.Release|ARM.Build.0 = Release|Any CPU
		{163A75C3-B0C0-4E6D-A88B-6163DA7EB0E5}.Release|ARM.Deploy.0 = Release|Any CPU
		{163A75C3-B0C0-4E6D-A88B-6163DA7EB0E5}.Release|iPhone.ActiveCfg = Release|Any CPU
		{163A75C3-B0C0-4E6D-A88B-6163DA7EB0E5}.Release|iPhone.Build.0 = Release|Any CPU
		{163A75C3-B0C0-4E6D-A88B-6163DA7EB0E5}.Release|iPhone.Deploy.0 = Release|Any CPU
		{163A75C3-B0C0-4E6D-A88B-6163DA7EB0E5}.Release|iPhoneSimulator.ActiveCfg = Release|Any CPU
		{163A75C3-B0C0-4E6D-A88B-6163DA7EB0E5}.Release|iPhoneSimulator.Build.0 = Release|Any CPU
		{163A75C3-B0C0-4E6D-A88B-6163DA7EB0E5}.Release|iPhoneSimulator.Deploy.0 = Release|Any CPU
		{163A75C3-B0C0-4E6D-A88B-6163DA7EB0E5}.Release|x64.ActiveCfg = Release|Any CPU
		{163A75C3-B0C0-4E6D-A88B-6163DA7EB0E5}.Release|x64.Build.0 = Release|Any CPU
		{163A75C3-B0C0-4E6D-A88B-6163DA7EB0E5}.Release|x64.Deploy.0 = Release|Any CPU
		{163A75C3-B0C0-4E6D-A88B-6163DA7EB0E5}.Release|x86.ActiveCfg = Release|Any CPU
		{163A75C3-B0C0-4E6D-A88B-6163DA7EB0E5}.Release|x86.Build.0 = Release|Any CPU
		{163A75C3-B0C0-4E6D-A88B-6163DA7EB0E5}.Release|x86.Deploy.0 = Release|Any CPU
		{CEAA2A08-E8CA-48E5-942B-D184F3EFF229}.Ad-Hoc|Any CPU.ActiveCfg = Ad-Hoc|iPhone
		{CEAA2A08-E8CA-48E5-942B-D184F3EFF229}.Ad-Hoc|Any CPU.Build.0 = Ad-Hoc|iPhone
		{CEAA2A08-E8CA-48E5-942B-D184F3EFF229}.Ad-Hoc|Any CPU.Deploy.0 = Ad-Hoc|iPhone
		{CEAA2A08-E8CA-48E5-942B-D184F3EFF229}.Ad-Hoc|ARM.ActiveCfg = Ad-Hoc|iPhone
		{CEAA2A08-E8CA-48E5-942B-D184F3EFF229}.Ad-Hoc|ARM.Build.0 = Ad-Hoc|iPhone
		{CEAA2A08-E8CA-48E5-942B-D184F3EFF229}.Ad-Hoc|ARM.Deploy.0 = Ad-Hoc|iPhone
		{CEAA2A08-E8CA-48E5-942B-D184F3EFF229}.Ad-Hoc|iPhone.ActiveCfg = Ad-Hoc|iPhone
		{CEAA2A08-E8CA-48E5-942B-D184F3EFF229}.Ad-Hoc|iPhone.Build.0 = Ad-Hoc|iPhone
		{CEAA2A08-E8CA-48E5-942B-D184F3EFF229}.Ad-Hoc|iPhone.Deploy.0 = Ad-Hoc|iPhone
		{CEAA2A08-E8CA-48E5-942B-D184F3EFF229}.Ad-Hoc|iPhoneSimulator.ActiveCfg = Ad-Hoc|iPhoneSimulator
		{CEAA2A08-E8CA-48E5-942B-D184F3EFF229}.Ad-Hoc|iPhoneSimulator.Build.0 = Ad-Hoc|iPhoneSimulator
		{CEAA2A08-E8CA-48E5-942B-D184F3EFF229}.Ad-Hoc|iPhoneSimulator.Deploy.0 = Ad-Hoc|iPhoneSimulator
		{CEAA2A08-E8CA-48E5-942B-D184F3EFF229}.Ad-Hoc|x64.ActiveCfg = Ad-Hoc|iPhone
		{CEAA2A08-E8CA-48E5-942B-D184F3EFF229}.Ad-Hoc|x64.Build.0 = Ad-Hoc|iPhone
		{CEAA2A08-E8CA-48E5-942B-D184F3EFF229}.Ad-Hoc|x64.Deploy.0 = Ad-Hoc|iPhone
		{CEAA2A08-E8CA-48E5-942B-D184F3EFF229}.Ad-Hoc|x86.ActiveCfg = Ad-Hoc|iPhone
		{CEAA2A08-E8CA-48E5-942B-D184F3EFF229}.Ad-Hoc|x86.Build.0 = Ad-Hoc|iPhone
		{CEAA2A08-E8CA-48E5-942B-D184F3EFF229}.Ad-Hoc|x86.Deploy.0 = Ad-Hoc|iPhone
		{CEAA2A08-E8CA-48E5-942B-D184F3EFF229}.AppStore|Any CPU.ActiveCfg = AppStore|iPhone
		{CEAA2A08-E8CA-48E5-942B-D184F3EFF229}.AppStore|Any CPU.Build.0 = AppStore|iPhone
		{CEAA2A08-E8CA-48E5-942B-D184F3EFF229}.AppStore|Any CPU.Deploy.0 = AppStore|iPhone
		{CEAA2A08-E8CA-48E5-942B-D184F3EFF229}.AppStore|ARM.ActiveCfg = AppStore|iPhone
		{CEAA2A08-E8CA-48E5-942B-D184F3EFF229}.AppStore|ARM.Build.0 = AppStore|iPhone
		{CEAA2A08-E8CA-48E5-942B-D184F3EFF229}.AppStore|ARM.Deploy.0 = AppStore|iPhone
		{CEAA2A08-E8CA-48E5-942B-D184F3EFF229}.AppStore|iPhone.ActiveCfg = AppStore|iPhone
		{CEAA2A08-E8CA-48E5-942B-D184F3EFF229}.AppStore|iPhone.Build.0 = AppStore|iPhone
		{CEAA2A08-E8CA-48E5-942B-D184F3EFF229}.AppStore|iPhone.Deploy.0 = AppStore|iPhone
		{CEAA2A08-E8CA-48E5-942B-D184F3EFF229}.AppStore|iPhoneSimulator.ActiveCfg = AppStore|iPhoneSimulator
		{CEAA2A08-E8CA-48E5-942B-D184F3EFF229}.AppStore|iPhoneSimulator.Build.0 = AppStore|iPhoneSimulator
		{CEAA2A08-E8CA-48E5-942B-D184F3EFF229}.AppStore|iPhoneSimulator.Deploy.0 = AppStore|iPhoneSimulator
		{CEAA2A08-E8CA-48E5-942B-D184F3EFF229}.AppStore|x64.ActiveCfg = AppStore|iPhone
		{CEAA2A08-E8CA-48E5-942B-D184F3EFF229}.AppStore|x64.Build.0 = AppStore|iPhone
		{CEAA2A08-E8CA-48E5-942B-D184F3EFF229}.AppStore|x64.Deploy.0 = AppStore|iPhone
		{CEAA2A08-E8CA-48E5-942B-D184F3EFF229}.AppStore|x86.ActiveCfg = AppStore|iPhone
		{CEAA2A08-E8CA-48E5-942B-D184F3EFF229}.AppStore|x86.Build.0 = AppStore|iPhone
		{CEAA2A08-E8CA-48E5-942B-D184F3EFF229}.AppStore|x86.Deploy.0 = AppStore|iPhone
		{CEAA2A08-E8CA-48E5-942B-D184F3EFF229}.Debug|Any CPU.ActiveCfg = Debug|iPhoneSimulator
		{CEAA2A08-E8CA-48E5-942B-D184F3EFF229}.Debug|Any CPU.Build.0 = Debug|iPhoneSimulator
		{CEAA2A08-E8CA-48E5-942B-D184F3EFF229}.Debug|Any CPU.Deploy.0 = Debug|iPhoneSimulator
		{CEAA2A08-E8CA-48E5-942B-D184F3EFF229}.Debug|ARM.ActiveCfg = Debug|iPhone
		{CEAA2A08-E8CA-48E5-942B-D184F3EFF229}.Debug|ARM.Build.0 = Debug|iPhone
		{CEAA2A08-E8CA-48E5-942B-D184F3EFF229}.Debug|ARM.Deploy.0 = Debug|iPhone
		{CEAA2A08-E8CA-48E5-942B-D184F3EFF229}.Debug|iPhone.ActiveCfg = Debug|iPhone
		{CEAA2A08-E8CA-48E5-942B-D184F3EFF229}.Debug|iPhone.Build.0 = Debug|iPhone
		{CEAA2A08-E8CA-48E5-942B-D184F3EFF229}.Debug|iPhone.Deploy.0 = Debug|iPhone
		{CEAA2A08-E8CA-48E5-942B-D184F3EFF229}.Debug|iPhoneSimulator.ActiveCfg = Debug|iPhoneSimulator
		{CEAA2A08-E8CA-48E5-942B-D184F3EFF229}.Debug|iPhoneSimulator.Build.0 = Debug|iPhoneSimulator
		{CEAA2A08-E8CA-48E5-942B-D184F3EFF229}.Debug|iPhoneSimulator.Deploy.0 = Debug|iPhoneSimulator
		{CEAA2A08-E8CA-48E5-942B-D184F3EFF229}.Debug|x64.ActiveCfg = Debug|iPhone
		{CEAA2A08-E8CA-48E5-942B-D184F3EFF229}.Debug|x64.Build.0 = Debug|iPhone
		{CEAA2A08-E8CA-48E5-942B-D184F3EFF229}.Debug|x64.Deploy.0 = Debug|iPhone
		{CEAA2A08-E8CA-48E5-942B-D184F3EFF229}.Debug|x86.ActiveCfg = Debug|iPhone
		{CEAA2A08-E8CA-48E5-942B-D184F3EFF229}.Debug|x86.Build.0 = Debug|iPhone
		{CEAA2A08-E8CA-48E5-942B-D184F3EFF229}.Debug|x86.Deploy.0 = Debug|iPhone
		{CEAA2A08-E8CA-48E5-942B-D184F3EFF229}.Release|Any CPU.ActiveCfg = Release|iPhone
		{CEAA2A08-E8CA-48E5-942B-D184F3EFF229}.Release|Any CPU.Build.0 = Release|iPhone
		{CEAA2A08-E8CA-48E5-942B-D184F3EFF229}.Release|Any CPU.Deploy.0 = Release|iPhone
		{CEAA2A08-E8CA-48E5-942B-D184F3EFF229}.Release|ARM.ActiveCfg = Release|iPhone
		{CEAA2A08-E8CA-48E5-942B-D184F3EFF229}.Release|ARM.Build.0 = Release|iPhone
		{CEAA2A08-E8CA-48E5-942B-D184F3EFF229}.Release|ARM.Deploy.0 = Release|iPhone
		{CEAA2A08-E8CA-48E5-942B-D184F3EFF229}.Release|iPhone.ActiveCfg = Release|iPhone
		{CEAA2A08-E8CA-48E5-942B-D184F3EFF229}.Release|iPhone.Build.0 = Release|iPhone
		{CEAA2A08-E8CA-48E5-942B-D184F3EFF229}.Release|iPhone.Deploy.0 = Release|iPhone
		{CEAA2A08-E8CA-48E5-942B-D184F3EFF229}.Release|iPhoneSimulator.ActiveCfg = Release|iPhoneSimulator
		{CEAA2A08-E8CA-48E5-942B-D184F3EFF229}.Release|iPhoneSimulator.Build.0 = Release|iPhoneSimulator
		{CEAA2A08-E8CA-48E5-942B-D184F3EFF229}.Release|iPhoneSimulator.Deploy.0 = Release|iPhoneSimulator
		{CEAA2A08-E8CA-48E5-942B-D184F3EFF229}.Release|x64.ActiveCfg = Release|iPhone
		{CEAA2A08-E8CA-48E5-942B-D184F3EFF229}.Release|x64.Build.0 = Release|iPhone
		{CEAA2A08-E8CA-48E5-942B-D184F3EFF229}.Release|x64.Deploy.0 = Release|iPhone
		{CEAA2A08-E8CA-48E5-942B-D184F3EFF229}.Release|x86.ActiveCfg = Release|iPhone
		{CEAA2A08-E8CA-48E5-942B-D184F3EFF229}.Release|x86.Build.0 = Release|iPhone
		{CEAA2A08-E8CA-48E5-942B-D184F3EFF229}.Release|x86.Deploy.0 = Release|iPhone
		{65A33D64-F8A6-4046-8037-69381F401F32}.Ad-Hoc|Any CPU.ActiveCfg = Release|x86
		{65A33D64-F8A6-4046-8037-69381F401F32}.Ad-Hoc|Any CPU.Build.0 = Release|x86
		{65A33D64-F8A6-4046-8037-69381F401F32}.Ad-Hoc|Any CPU.Deploy.0 = Release|x86
		{65A33D64-F8A6-4046-8037-69381F401F32}.Ad-Hoc|ARM.ActiveCfg = Release|ARM
		{65A33D64-F8A6-4046-8037-69381F401F32}.Ad-Hoc|ARM.Build.0 = Release|ARM
		{65A33D64-F8A6-4046-8037-69381F401F32}.Ad-Hoc|ARM.Deploy.0 = Release|ARM
		{65A33D64-F8A6-4046-8037-69381F401F32}.Ad-Hoc|iPhone.ActiveCfg = Release|x86
		{65A33D64-F8A6-4046-8037-69381F401F32}.Ad-Hoc|iPhone.Build.0 = Release|x86
		{65A33D64-F8A6-4046-8037-69381F401F32}.Ad-Hoc|iPhone.Deploy.0 = Release|x86
		{65A33D64-F8A6-4046-8037-69381F401F32}.Ad-Hoc|iPhoneSimulator.ActiveCfg = Release|x86
		{65A33D64-F8A6-4046-8037-69381F401F32}.Ad-Hoc|iPhoneSimulator.Build.0 = Release|x86
		{65A33D64-F8A6-4046-8037-69381F401F32}.Ad-Hoc|iPhoneSimulator.Deploy.0 = Release|x86
		{65A33D64-F8A6-4046-8037-69381F401F32}.Ad-Hoc|x64.ActiveCfg = Release|x64
		{65A33D64-F8A6-4046-8037-69381F401F32}.Ad-Hoc|x64.Build.0 = Release|x64
		{65A33D64-F8A6-4046-8037-69381F401F32}.Ad-Hoc|x64.Deploy.0 = Release|x64
		{65A33D64-F8A6-4046-8037-69381F401F32}.Ad-Hoc|x86.ActiveCfg = Release|x86
		{65A33D64-F8A6-4046-8037-69381F401F32}.Ad-Hoc|x86.Build.0 = Release|x86
		{65A33D64-F8A6-4046-8037-69381F401F32}.Ad-Hoc|x86.Deploy.0 = Release|x86
		{65A33D64-F8A6-4046-8037-69381F401F32}.AppStore|Any CPU.ActiveCfg = Release|x86
		{65A33D64-F8A6-4046-8037-69381F401F32}.AppStore|Any CPU.Build.0 = Release|x86
		{65A33D64-F8A6-4046-8037-69381F401F32}.AppStore|Any CPU.Deploy.0 = Release|x86
		{65A33D64-F8A6-4046-8037-69381F401F32}.AppStore|ARM.ActiveCfg = Release|ARM
		{65A33D64-F8A6-4046-8037-69381F401F32}.AppStore|ARM.Build.0 = Release|ARM
		{65A33D64-F8A6-4046-8037-69381F401F32}.AppStore|ARM.Deploy.0 = Release|ARM
		{65A33D64-F8A6-4046-8037-69381F401F32}.AppStore|iPhone.ActiveCfg = Release|x86
		{65A33D64-F8A6-4046-8037-69381F401F32}.AppStore|iPhone.Build.0 = Release|x86
		{65A33D64-F8A6-4046-8037-69381F401F32}.AppStore|iPhone.Deploy.0 = Release|x86
		{65A33D64-F8A6-4046-8037-69381F401F32}.AppStore|iPhoneSimulator.ActiveCfg = Release|x86
		{65A33D64-F8A6-4046-8037-69381F401F32}.AppStore|iPhoneSimulator.Build.0 = Release|x86
		{65A33D64-F8A6-4046-8037-69381F401F32}.AppStore|iPhoneSimulator.Deploy.0 = Release|x86
		{65A33D64-F8A6-4046-8037-69381F401F32}.AppStore|x64.ActiveCfg = Release|x64
		{65A33D64-F8A6-4046-8037-69381F401F32}.AppStore|x64.Build.0 = Release|x64
		{65A33D64-F8A6-4046-8037-69381F401F32}.AppStore|x64.Deploy.0 = Release|x64
		{65A33D64-F8A6-4046-8037-69381F401F32}.AppStore|x86.ActiveCfg = Release|x86
		{65A33D64-F8A6-4046-8037-69381F401F32}.AppStore|x86.Build.0 = Release|x86
		{65A33D64-F8A6-4046-8037-69381F401F32}.AppStore|x86.Deploy.0 = Release|x86
		{65A33D64-F8A6-4046-8037-69381F401F32}.Debug|Any CPU.ActiveCfg = Debug|x86
		{65A33D64-F8A6-4046-8037-69381F401F32}.Debug|Any CPU.Build.0 = Debug|x86
		{65A33D64-F8A6-4046-8037-69381F401F32}.Debug|Any CPU.Deploy.0 = Debug|x86
		{65A33D64-F8A6-4046-8037-69381F401F32}.Debug|ARM.ActiveCfg = Debug|ARM
		{65A33D64-F8A6-4046-8037-69381F401F32}.Debug|ARM.Build.0 = Debug|ARM
		{65A33D64-F8A6-4046-8037-69381F401F32}.Debug|ARM.Deploy.0 = Debug|ARM
		{65A33D64-F8A6-4046-8037-69381F401F32}.Debug|iPhone.ActiveCfg = Debug|x86
		{65A33D64-F8A6-4046-8037-69381F401F32}.Debug|iPhone.Build.0 = Debug|x86
		{65A33D64-F8A6-4046-8037-69381F401F32}.Debug|iPhone.Deploy.0 = Debug|x86
		{65A33D64-F8A6-4046-8037-69381F401F32}.Debug|iPhoneSimulator.ActiveCfg = Debug|x86
		{65A33D64-F8A6-4046-8037-69381F401F32}.Debug|iPhoneSimulator.Build.0 = Debug|x86
		{65A33D64-F8A6-4046-8037-69381F401F32}.Debug|iPhoneSimulator.Deploy.0 = Debug|x86
		{65A33D64-F8A6-4046-8037-69381F401F32}.Debug|x64.ActiveCfg = Debug|x64
		{65A33D64-F8A6-4046-8037-69381F401F32}.Debug|x64.Build.0 = Debug|x64
		{65A33D64-F8A6-4046-8037-69381F401F32}.Debug|x64.Deploy.0 = Debug|x64
		{65A33D64-F8A6-4046-8037-69381F401F32}.Debug|x86.ActiveCfg = Debug|x86
		{65A33D64-F8A6-4046-8037-69381F401F32}.Debug|x86.Build.0 = Debug|x86
		{65A33D64-F8A6-4046-8037-69381F401F32}.Debug|x86.Deploy.0 = Debug|x86
		{65A33D64-F8A6-4046-8037-69381F401F32}.Release|Any CPU.ActiveCfg = Release|x86
		{65A33D64-F8A6-4046-8037-69381F401F32}.Release|Any CPU.Build.0 = Release|x86
		{65A33D64-F8A6-4046-8037-69381F401F32}.Release|Any CPU.Deploy.0 = Release|x86
		{65A33D64-F8A6-4046-8037-69381F401F32}.Release|ARM.ActiveCfg = Release|ARM
		{65A33D64-F8A6-4046-8037-69381F401F32}.Release|ARM.Build.0 = Release|ARM
		{65A33D64-F8A6-4046-8037-69381F401F32}.Release|ARM.Deploy.0 = Release|ARM
		{65A33D64-F8A6-4046-8037-69381F401F32}.Release|iPhone.ActiveCfg = Release|x86
		{65A33D64-F8A6-4046-8037-69381F401F32}.Release|iPhone.Build.0 = Release|x86
		{65A33D64-F8A6-4046-8037-69381F401F32}.Release|iPhone.Deploy.0 = Release|x86
		{65A33D64-F8A6-4046-8037-69381F401F32}.Release|iPhoneSimulator.ActiveCfg = Release|x86
		{65A33D64-F8A6-4046-8037-69381F401F32}.Release|iPhoneSimulator.Build.0 = Release|x86
		{65A33D64-F8A6-4046-8037-69381F401F32}.Release|iPhoneSimulator.Deploy.0 = Release|x86
		{65A33D64-F8A6-4046-8037-69381F401F32}.Release|x64.ActiveCfg = Release|x64
		{65A33D64-F8A6-4046-8037-69381F401F32}.Release|x64.Build.0 = Release|x64
		{65A33D64-F8A6-4046-8037-69381F401F32}.Release|x64.Deploy.0 = Release|x64
		{65A33D64-F8A6-4046-8037-69381F401F32}.Release|x86.ActiveCfg = Release|x86
		{65A33D64-F8A6-4046-8037-69381F401F32}.Release|x86.Build.0 = Release|x86
		{65A33D64-F8A6-4046-8037-69381F401F32}.Release|x86.Deploy.0 = Release|x86
		{8C6D317B-B667-480E-98B2-73179ED6792C}.Ad-Hoc|Any CPU.ActiveCfg = Debug|Any CPU
		{8C6D317B-B667-480E-98B2-73179ED6792C}.Ad-Hoc|Any CPU.Build.0 = Debug|Any CPU
		{8C6D317B-B667-480E-98B2-73179ED6792C}.Ad-Hoc|Any CPU.Deploy.0 = Debug|Any CPU
		{8C6D317B-B667-480E-98B2-73179ED6792C}.Ad-Hoc|ARM.ActiveCfg = Debug|Any CPU
		{8C6D317B-B667-480E-98B2-73179ED6792C}.Ad-Hoc|ARM.Build.0 = Debug|Any CPU
		{8C6D317B-B667-480E-98B2-73179ED6792C}.Ad-Hoc|ARM.Deploy.0 = Debug|Any CPU
		{8C6D317B-B667-480E-98B2-73179ED6792C}.Ad-Hoc|iPhone.ActiveCfg = Debug|Any CPU
		{8C6D317B-B667-480E-98B2-73179ED6792C}.Ad-Hoc|iPhone.Build.0 = Debug|Any CPU
		{8C6D317B-B667-480E-98B2-73179ED6792C}.Ad-Hoc|iPhone.Deploy.0 = Debug|Any CPU
		{8C6D317B-B667-480E-98B2-73179ED6792C}.Ad-Hoc|iPhoneSimulator.ActiveCfg = Debug|Any CPU
		{8C6D317B-B667-480E-98B2-73179ED6792C}.Ad-Hoc|iPhoneSimulator.Build.0 = Debug|Any CPU
		{8C6D317B-B667-480E-98B2-73179ED6792C}.Ad-Hoc|iPhoneSimulator.Deploy.0 = Debug|Any CPU
		{8C6D317B-B667-480E-98B2-73179ED6792C}.Ad-Hoc|x64.ActiveCfg = Debug|Any CPU
		{8C6D317B-B667-480E-98B2-73179ED6792C}.Ad-Hoc|x64.Build.0 = Debug|Any CPU
		{8C6D317B-B667-480E-98B2-73179ED6792C}.Ad-Hoc|x64.Deploy.0 = Debug|Any CPU
		{8C6D317B-B667-480E-98B2-73179ED6792C}.Ad-Hoc|x86.ActiveCfg = Debug|Any CPU
		{8C6D317B-B667-480E-98B2-73179ED6792C}.Ad-Hoc|x86.Build.0 = Debug|Any CPU
		{8C6D317B-B667-480E-98B2-73179ED6792C}.Ad-Hoc|x86.Deploy.0 = Debug|Any CPU
		{8C6D317B-B667-480E-98B2-73179ED6792C}.AppStore|Any CPU.ActiveCfg = Debug|Any CPU
		{8C6D317B-B667-480E-98B2-73179ED6792C}.AppStore|Any CPU.Build.0 = Debug|Any CPU
		{8C6D317B-B667-480E-98B2-73179ED6792C}.AppStore|Any CPU.Deploy.0 = Debug|Any CPU
		{8C6D317B-B667-480E-98B2-73179ED6792C}.AppStore|ARM.ActiveCfg = Debug|Any CPU
		{8C6D317B-B667-480E-98B2-73179ED6792C}.AppStore|ARM.Build.0 = Debug|Any CPU
		{8C6D317B-B667-480E-98B2-73179ED6792C}.AppStore|ARM.Deploy.0 = Debug|Any CPU
		{8C6D317B-B667-480E-98B2-73179ED6792C}.AppStore|iPhone.ActiveCfg = Debug|Any CPU
		{8C6D317B-B667-480E-98B2-73179ED6792C}.AppStore|iPhone.Build.0 = Debug|Any CPU
		{8C6D317B-B667-480E-98B2-73179ED6792C}.AppStore|iPhone.Deploy.0 = Debug|Any CPU
		{8C6D317B-B667-480E-98B2-73179ED6792C}.AppStore|iPhoneSimulator.ActiveCfg = Debug|Any CPU
		{8C6D317B-B667-480E-98B2-73179ED6792C}.AppStore|iPhoneSimulator.Build.0 = Debug|Any CPU
		{8C6D317B-B667-480E-98B2-73179ED6792C}.AppStore|iPhoneSimulator.Deploy.0 = Debug|Any CPU
		{8C6D317B-B667-480E-98B2-73179ED6792C}.AppStore|x64.ActiveCfg = Debug|Any CPU
		{8C6D317B-B667-480E-98B2-73179ED6792C}.AppStore|x64.Build.0 = Debug|Any CPU
		{8C6D317B-B667-480E-98B2-73179ED6792C}.AppStore|x64.Deploy.0 = Debug|Any CPU
		{8C6D317B-B667-480E-98B2-73179ED6792C}.AppStore|x86.ActiveCfg = Debug|Any CPU
		{8C6D317B-B667-480E-98B2-73179ED6792C}.AppStore|x86.Build.0 = Debug|Any CPU
		{8C6D317B-B667-480E-98B2-73179ED6792C}.AppStore|x86.Deploy.0 = Debug|Any CPU
		{8C6D317B-B667-480E-98B2-73179ED6792C}.Debug|Any CPU.ActiveCfg = Debug|Any CPU
		{8C6D317B-B667-480E-98B2-73179ED6792C}.Debug|Any CPU.Build.0 = Debug|Any CPU
		{8C6D317B-B667-480E-98B2-73179ED6792C}.Debug|Any CPU.Deploy.0 = Debug|Any CPU
		{8C6D317B-B667-480E-98B2-73179ED6792C}.Debug|ARM.ActiveCfg = Debug|Any CPU
		{8C6D317B-B667-480E-98B2-73179ED6792C}.Debug|ARM.Build.0 = Debug|Any CPU
		{8C6D317B-B667-480E-98B2-73179ED6792C}.Debug|ARM.Deploy.0 = Debug|Any CPU
		{8C6D317B-B667-480E-98B2-73179ED6792C}.Debug|iPhone.ActiveCfg = Debug|Any CPU
		{8C6D317B-B667-480E-98B2-73179ED6792C}.Debug|iPhone.Build.0 = Debug|Any CPU
		{8C6D317B-B667-480E-98B2-73179ED6792C}.Debug|iPhone.Deploy.0 = Debug|Any CPU
		{8C6D317B-B667-480E-98B2-73179ED6792C}.Debug|iPhoneSimulator.ActiveCfg = Debug|Any CPU
		{8C6D317B-B667-480E-98B2-73179ED6792C}.Debug|iPhoneSimulator.Build.0 = Debug|Any CPU
		{8C6D317B-B667-480E-98B2-73179ED6792C}.Debug|iPhoneSimulator.Deploy.0 = Debug|Any CPU
		{8C6D317B-B667-480E-98B2-73179ED6792C}.Debug|x64.ActiveCfg = Debug|Any CPU
		{8C6D317B-B667-480E-98B2-73179ED6792C}.Debug|x64.Build.0 = Debug|Any CPU
		{8C6D317B-B667-480E-98B2-73179ED6792C}.Debug|x64.Deploy.0 = Debug|Any CPU
		{8C6D317B-B667-480E-98B2-73179ED6792C}.Debug|x86.ActiveCfg = Debug|Any CPU
		{8C6D317B-B667-480E-98B2-73179ED6792C}.Debug|x86.Build.0 = Debug|Any CPU
		{8C6D317B-B667-480E-98B2-73179ED6792C}.Debug|x86.Deploy.0 = Debug|Any CPU
		{8C6D317B-B667-480E-98B2-73179ED6792C}.Release|Any CPU.ActiveCfg = Release|Any CPU
		{8C6D317B-B667-480E-98B2-73179ED6792C}.Release|Any CPU.Build.0 = Release|Any CPU
		{8C6D317B-B667-480E-98B2-73179ED6792C}.Release|Any CPU.Deploy.0 = Release|Any CPU
		{8C6D317B-B667-480E-98B2-73179ED6792C}.Release|ARM.ActiveCfg = Release|Any CPU
		{8C6D317B-B667-480E-98B2-73179ED6792C}.Release|ARM.Build.0 = Release|Any CPU
		{8C6D317B-B667-480E-98B2-73179ED6792C}.Release|ARM.Deploy.0 = Release|Any CPU
		{8C6D317B-B667-480E-98B2-73179ED6792C}.Release|iPhone.ActiveCfg = Release|Any CPU
		{8C6D317B-B667-480E-98B2-73179ED6792C}.Release|iPhone.Build.0 = Release|Any CPU
		{8C6D317B-B667-480E-98B2-73179ED6792C}.Release|iPhone.Deploy.0 = Release|Any CPU
		{8C6D317B-B667-480E-98B2-73179ED6792C}.Release|iPhoneSimulator.ActiveCfg = Release|Any CPU
		{8C6D317B-B667-480E-98B2-73179ED6792C}.Release|iPhoneSimulator.Build.0 = Release|Any CPU
		{8C6D317B-B667-480E-98B2-73179ED6792C}.Release|iPhoneSimulator.Deploy.0 = Release|Any CPU
		{8C6D317B-B667-480E-98B2-73179ED6792C}.Release|x64.ActiveCfg = Release|Any CPU
		{8C6D317B-B667-480E-98B2-73179ED6792C}.Release|x64.Build.0 = Release|Any CPU
		{8C6D317B-B667-480E-98B2-73179ED6792C}.Release|x64.Deploy.0 = Release|Any CPU
		{8C6D317B-B667-480E-98B2-73179ED6792C}.Release|x86.ActiveCfg = Release|Any CPU
		{8C6D317B-B667-480E-98B2-73179ED6792C}.Release|x86.Build.0 = Release|Any CPU
		{8C6D317B-B667-480E-98B2-73179ED6792C}.Release|x86.Deploy.0 = Release|Any CPU
	EndGlobalSection
	GlobalSection(SolutionProperties) = preSolution
		HideSolutionNode = FALSE
	EndGlobalSection
	GlobalSection(ExtensibilityGlobals) = postSolution
		SolutionGuid = {2B4581A1-5B0E-4D3E-AB7F-250B346C8BA6}
	EndGlobalSection
EndGlobal
