
Microsoft Visual Studio Solution File, Format Version 12.00
# Visual Studio 15
VisualStudioVersion = 15.0.27703.2026
MinimumVisualStudioVersion = 10.0.40219.1
Project("{FAE04EC0-301F-11D3-BF4B-00C04F79EFBC}") = "SzkolaProgramowania.Android", "SzkolaProgramowania\SzkolaProgramowania.Android\SzkolaProgramowania.Android.csproj", "{0198CDEB-C335-4EBB-A3BE-9DCACDD2205A}"
EndProject
Project("{FAE04EC0-301F-11D3-BF4B-00C04F79EFBC}") = "SzkolaProgramowania.iOS", "SzkolaProgramowania\SzkolaProgramowania.iOS\SzkolaProgramowania.iOS.csproj", "{B5F7C060-F6C3-4E2E-AFA0-4008FAD33BC3}"
EndProject
Project("{FAE04EC0-301F-11D3-BF4B-00C04F79EFBC}") = "SzkolaProgramowania.UWP", "SzkolaProgramowania\SzkolaProgramowania.UWP\SzkolaProgramowania.UWP.csproj", "{DC141A18-3948-4DAA-B0C8-4BC3BD5A9A82}"
EndProject
Project("{FAE04EC0-301F-11D3-BF4B-00C04F79EFBC}") = "SzkolaProgramowania", "SzkolaProgramowania\SzkolaProgramowania\SzkolaProgramowania.csproj", "{D17DF327-7812-4B61-B39B-C34BC01D98FD}"
EndProject
Global
	GlobalSection(SolutionConfigurationPlatforms) = preSolution
		Ad-Hoc|Any CPU = Ad-Hoc|Any CPU
		Ad-Hoc|ARM = Ad-Hoc|ARM
		Ad-Hoc|iPhone = Ad-Hoc|iPhone
		Ad-Hoc|iPhoneSimulator = Ad-Hoc|iPhoneSimulator
		Ad-Hoc|x64 = Ad-Hoc|x64
		Ad-Hoc|x86 = Ad-Hoc|x86
		AppStore|Any CPU = AppStore|Any CPU
		AppStore|ARM = AppStore|ARM
		AppStore|iPhone = AppStore|iPhone
		AppStore|iPhoneSimulator = AppStore|iPhoneSimulator
		AppStore|x64 = AppStore|x64
		AppStore|x86 = AppStore|x86
		Debug|Any CPU = Debug|Any CPU
		Debug|ARM = Debug|ARM
		Debug|iPhone = Debug|iPhone
		Debug|iPhoneSimulator = Debug|iPhoneSimulator
		Debug|x64 = Debug|x64
		Debug|x86 = Debug|x86
		Release|Any CPU = Release|Any CPU
		Release|ARM = Release|ARM
		Release|iPhone = Release|iPhone
		Release|iPhoneSimulator = Release|iPhoneSimulator
		Release|x64 = Release|x64
		Release|x86 = Release|x86
	EndGlobalSection
	GlobalSection(ProjectConfigurationPlatforms) = postSolution
		{0198CDEB-C335-4EBB-A3BE-9DCACDD2205A}.Ad-Hoc|Any CPU.ActiveCfg = Release|Any CPU
		{0198CDEB-C335-4EBB-A3BE-9DCACDD2205A}.Ad-Hoc|Any CPU.Build.0 = Release|Any CPU
		{0198CDEB-C335-4EBB-A3BE-9DCACDD2205A}.Ad-Hoc|Any CPU.Deploy.0 = Release|Any CPU
		{0198CDEB-C335-4EBB-A3BE-9DCACDD2205A}.Ad-Hoc|ARM.ActiveCfg = Release|Any CPU
		{0198CDEB-C335-4EBB-A3BE-9DCACDD2205A}.Ad-Hoc|ARM.Build.0 = Release|Any CPU
		{0198CDEB-C335-4EBB-A3BE-9DCACDD2205A}.Ad-Hoc|ARM.Deploy.0 = Release|Any CPU
		{0198CDEB-C335-4EBB-A3BE-9DCACDD2205A}.Ad-Hoc|iPhone.ActiveCfg = Release|Any CPU
		{0198CDEB-C335-4EBB-A3BE-9DCACDD2205A}.Ad-Hoc|iPhone.Build.0 = Release|Any CPU
		{0198CDEB-C335-4EBB-A3BE-9DCACDD2205A}.Ad-Hoc|iPhone.Deploy.0 = Release|Any CPU
		{0198CDEB-C335-4EBB-A3BE-9DCACDD2205A}.Ad-Hoc|iPhoneSimulator.ActiveCfg = Release|Any CPU
		{0198CDEB-C335-4EBB-A3BE-9DCACDD2205A}.Ad-Hoc|iPhoneSimulator.Build.0 = Release|Any CPU
		{0198CDEB-C335-4EBB-A3BE-9DCACDD2205A}.Ad-Hoc|iPhoneSimulator.Deploy.0 = Release|Any CPU
		{0198CDEB-C335-4EBB-A3BE-9DCACDD2205A}.Ad-Hoc|x64.ActiveCfg = Release|Any CPU
		{0198CDEB-C335-4EBB-A3BE-9DCACDD2205A}.Ad-Hoc|x64.Build.0 = Release|Any CPU
		{0198CDEB-C335-4EBB-A3BE-9DCACDD2205A}.Ad-Hoc|x64.Deploy.0 = Release|Any CPU
		{0198CDEB-C335-4EBB-A3BE-9DCACDD2205A}.Ad-Hoc|x86.ActiveCfg = Release|Any CPU
		{0198CDEB-C335-4EBB-A3BE-9DCACDD2205A}.Ad-Hoc|x86.Build.0 = Release|Any CPU
		{0198CDEB-C335-4EBB-A3BE-9DCACDD2205A}.Ad-Hoc|x86.Deploy.0 = Release|Any CPU
		{0198CDEB-C335-4EBB-A3BE-9DCACDD2205A}.AppStore|Any CPU.ActiveCfg = Release|Any CPU
		{0198CDEB-C335-4EBB-A3BE-9DCACDD2205A}.AppStore|Any CPU.Build.0 = Release|Any CPU
		{0198CDEB-C335-4EBB-A3BE-9DCACDD2205A}.AppStore|Any CPU.Deploy.0 = Release|Any CPU
		{0198CDEB-C335-4EBB-A3BE-9DCACDD2205A}.AppStore|ARM.ActiveCfg = Release|Any CPU
		{0198CDEB-C335-4EBB-A3BE-9DCACDD2205A}.AppStore|ARM.Build.0 = Release|Any CPU
		{0198CDEB-C335-4EBB-A3BE-9DCACDD2205A}.AppStore|ARM.Deploy.0 = Release|Any CPU
		{0198CDEB-C335-4EBB-A3BE-9DCACDD2205A}.AppStore|iPhone.ActiveCfg = Release|Any CPU
		{0198CDEB-C335-4EBB-A3BE-9DCACDD2205A}.AppStore|iPhone.Build.0 = Release|Any CPU
		{0198CDEB-C335-4EBB-A3BE-9DCACDD2205A}.AppStore|iPhone.Deploy.0 = Release|Any CPU
		{0198CDEB-C335-4EBB-A3BE-9DCACDD2205A}.AppStore|iPhoneSimulator.ActiveCfg = Release|Any CPU
		{0198CDEB-C335-4EBB-A3BE-9DCACDD2205A}.AppStore|iPhoneSimulator.Build.0 = Release|Any CPU
		{0198CDEB-C335-4EBB-A3BE-9DCACDD2205A}.AppStore|iPhoneSimulator.Deploy.0 = Release|Any CPU
		{0198CDEB-C335-4EBB-A3BE-9DCACDD2205A}.AppStore|x64.ActiveCfg = Release|Any CPU
		{0198CDEB-C335-4EBB-A3BE-9DCACDD2205A}.AppStore|x64.Build.0 = Release|Any CPU
		{0198CDEB-C335-4EBB-A3BE-9DCACDD2205A}.AppStore|x64.Deploy.0 = Release|Any CPU
		{0198CDEB-C335-4EBB-A3BE-9DCACDD2205A}.AppStore|x86.ActiveCfg = Release|Any CPU
		{0198CDEB-C335-4EBB-A3BE-9DCACDD2205A}.AppStore|x86.Build.0 = Release|Any CPU
		{0198CDEB-C335-4EBB-A3BE-9DCACDD2205A}.AppStore|x86.Deploy.0 = Release|Any CPU
		{0198CDEB-C335-4EBB-A3BE-9DCACDD2205A}.Debug|Any CPU.ActiveCfg = Debug|Any CPU
		{0198CDEB-C335-4EBB-A3BE-9DCACDD2205A}.Debug|Any CPU.Build.0 = Debug|Any CPU
		{0198CDEB-C335-4EBB-A3BE-9DCACDD2205A}.Debug|Any CPU.Deploy.0 = Debug|Any CPU
		{0198CDEB-C335-4EBB-A3BE-9DCACDD2205A}.Debug|ARM.ActiveCfg = Debug|Any CPU
		{0198CDEB-C335-4EBB-A3BE-9DCACDD2205A}.Debug|ARM.Build.0 = Debug|Any CPU
		{0198CDEB-C335-4EBB-A3BE-9DCACDD2205A}.Debug|ARM.Deploy.0 = Debug|Any CPU
		{0198CDEB-C335-4EBB-A3BE-9DCACDD2205A}.Debug|iPhone.ActiveCfg = Debug|Any CPU
		{0198CDEB-C335-4EBB-A3BE-9DCACDD2205A}.Debug|iPhone.Build.0 = Debug|Any CPU
		{0198CDEB-C335-4EBB-A3BE-9DCACDD2205A}.Debug|iPhone.Deploy.0 = Debug|Any CPU
		{0198CDEB-C335-4EBB-A3BE-9DCACDD2205A}.Debug|iPhoneSimulator.ActiveCfg = Debug|Any CPU
		{0198CDEB-C335-4EBB-A3BE-9DCACDD2205A}.Debug|iPhoneSimulator.Build.0 = Debug|Any CPU
		{0198CDEB-C335-4EBB-A3BE-9DCACDD2205A}.Debug|iPhoneSimulator.Deploy.0 = Debug|Any CPU
		{0198CDEB-C335-4EBB-A3BE-9DCACDD2205A}.Debug|x64.ActiveCfg = Debug|Any CPU
		{0198CDEB-C335-4EBB-A3BE-9DCACDD2205A}.Debug|x64.Build.0 = Debug|Any CPU
		{0198CDEB-C335-4EBB-A3BE-9DCACDD2205A}.Debug|x64.Deploy.0 = Debug|Any CPU
		{0198CDEB-C335-4EBB-A3BE-9DCACDD2205A}.Debug|x86.ActiveCfg = Debug|Any CPU
		{0198CDEB-C335-4EBB-A3BE-9DCACDD2205A}.Debug|x86.Build.0 = Debug|Any CPU
		{0198CDEB-C335-4EBB-A3BE-9DCACDD2205A}.Debug|x86.Deploy.0 = Debug|Any CPU
		{0198CDEB-C335-4EBB-A3BE-9DCACDD2205A}.Release|Any CPU.ActiveCfg = Release|Any CPU
		{0198CDEB-C335-4EBB-A3BE-9DCACDD2205A}.Release|Any CPU.Build.0 = Release|Any CPU
		{0198CDEB-C335-4EBB-A3BE-9DCACDD2205A}.Release|Any CPU.Deploy.0 = Release|Any CPU
		{0198CDEB-C335-4EBB-A3BE-9DCACDD2205A}.Release|ARM.ActiveCfg = Release|Any CPU
		{0198CDEB-C335-4EBB-A3BE-9DCACDD2205A}.Release|ARM.Build.0 = Release|Any CPU
		{0198CDEB-C335-4EBB-A3BE-9DCACDD2205A}.Release|ARM.Deploy.0 = Release|Any CPU
		{0198CDEB-C335-4EBB-A3BE-9DCACDD2205A}.Release|iPhone.ActiveCfg = Release|Any CPU
		{0198CDEB-C335-4EBB-A3BE-9DCACDD2205A}.Release|iPhone.Build.0 = Release|Any CPU
		{0198CDEB-C335-4EBB-A3BE-9DCACDD2205A}.Release|iPhone.Deploy.0 = Release|Any CPU
		{0198CDEB-C335-4EBB-A3BE-9DCACDD2205A}.Release|iPhoneSimulator.ActiveCfg = Release|Any CPU
		{0198CDEB-C335-4EBB-A3BE-9DCACDD2205A}.Release|iPhoneSimulator.Build.0 = Release|Any CPU
		{0198CDEB-C335-4EBB-A3BE-9DCACDD2205A}.Release|iPhoneSimulator.Deploy.0 = Release|Any CPU
		{0198CDEB-C335-4EBB-A3BE-9DCACDD2205A}.Release|x64.ActiveCfg = Release|Any CPU
		{0198CDEB-C335-4EBB-A3BE-9DCACDD2205A}.Release|x64.Build.0 = Release|Any CPU
		{0198CDEB-C335-4EBB-A3BE-9DCACDD2205A}.Release|x64.Deploy.0 = Release|Any CPU
		{0198CDEB-C335-4EBB-A3BE-9DCACDD2205A}.Release|x86.ActiveCfg = Release|Any CPU
		{0198CDEB-C335-4EBB-A3BE-9DCACDD2205A}.Release|x86.Build.0 = Release|Any CPU
		{0198CDEB-C335-4EBB-A3BE-9DCACDD2205A}.Release|x86.Deploy.0 = Release|Any CPU
		{B5F7C060-F6C3-4E2E-AFA0-4008FAD33BC3}.Ad-Hoc|Any CPU.ActiveCfg = Ad-Hoc|iPhone
		{B5F7C060-F6C3-4E2E-AFA0-4008FAD33BC3}.Ad-Hoc|Any CPU.Build.0 = Ad-Hoc|iPhone
		{B5F7C060-F6C3-4E2E-AFA0-4008FAD33BC3}.Ad-Hoc|Any CPU.Deploy.0 = Ad-Hoc|iPhone
		{B5F7C060-F6C3-4E2E-AFA0-4008FAD33BC3}.Ad-Hoc|ARM.ActiveCfg = Ad-Hoc|iPhone
		{B5F7C060-F6C3-4E2E-AFA0-4008FAD33BC3}.Ad-Hoc|ARM.Build.0 = Ad-Hoc|iPhone
		{B5F7C060-F6C3-4E2E-AFA0-4008FAD33BC3}.Ad-Hoc|ARM.Deploy.0 = Ad-Hoc|iPhone
		{B5F7C060-F6C3-4E2E-AFA0-4008FAD33BC3}.Ad-Hoc|iPhone.ActiveCfg = Ad-Hoc|iPhone
		{B5F7C060-F6C3-4E2E-AFA0-4008FAD33BC3}.Ad-Hoc|iPhone.Build.0 = Ad-Hoc|iPhone
		{B5F7C060-F6C3-4E2E-AFA0-4008FAD33BC3}.Ad-Hoc|iPhone.Deploy.0 = Ad-Hoc|iPhone
		{B5F7C060-F6C3-4E2E-AFA0-4008FAD33BC3}.Ad-Hoc|iPhoneSimulator.ActiveCfg = Ad-Hoc|iPhoneSimulator
		{B5F7C060-F6C3-4E2E-AFA0-4008FAD33BC3}.Ad-Hoc|iPhoneSimulator.Build.0 = Ad-Hoc|iPhoneSimulator
		{B5F7C060-F6C3-4E2E-AFA0-4008FAD33BC3}.Ad-Hoc|iPhoneSimulator.Deploy.0 = Ad-Hoc|iPhoneSimulator
		{B5F7C060-F6C3-4E2E-AFA0-4008FAD33BC3}.Ad-Hoc|x64.ActiveCfg = Ad-Hoc|iPhone
		{B5F7C060-F6C3-4E2E-AFA0-4008FAD33BC3}.Ad-Hoc|x64.Build.0 = Ad-Hoc|iPhone
		{B5F7C060-F6C3-4E2E-AFA0-4008FAD33BC3}.Ad-Hoc|x64.Deploy.0 = Ad-Hoc|iPhone
		{B5F7C060-F6C3-4E2E-AFA0-4008FAD33BC3}.Ad-Hoc|x86.ActiveCfg = Ad-Hoc|iPhone
		{B5F7C060-F6C3-4E2E-AFA0-4008FAD33BC3}.Ad-Hoc|x86.Build.0 = Ad-Hoc|iPhone
		{B5F7C060-F6C3-4E2E-AFA0-4008FAD33BC3}.Ad-Hoc|x86.Deploy.0 = Ad-Hoc|iPhone
		{B5F7C060-F6C3-4E2E-AFA0-4008FAD33BC3}.AppStore|Any CPU.ActiveCfg = AppStore|iPhone
		{B5F7C060-F6C3-4E2E-AFA0-4008FAD33BC3}.AppStore|Any CPU.Build.0 = AppStore|iPhone
		{B5F7C060-F6C3-4E2E-AFA0-4008FAD33BC3}.AppStore|Any CPU.Deploy.0 = AppStore|iPhone
		{B5F7C060-F6C3-4E2E-AFA0-4008FAD33BC3}.AppStore|ARM.ActiveCfg = AppStore|iPhone
		{B5F7C060-F6C3-4E2E-AFA0-4008FAD33BC3}.AppStore|ARM.Build.0 = AppStore|iPhone
		{B5F7C060-F6C3-4E2E-AFA0-4008FAD33BC3}.AppStore|ARM.Deploy.0 = AppStore|iPhone
		{B5F7C060-F6C3-4E2E-AFA0-4008FAD33BC3}.AppStore|iPhone.ActiveCfg = AppStore|iPhone
		{B5F7C060-F6C3-4E2E-AFA0-4008FAD33BC3}.AppStore|iPhone.Build.0 = AppStore|iPhone
		{B5F7C060-F6C3-4E2E-AFA0-4008FAD33BC3}.AppStore|iPhone.Deploy.0 = AppStore|iPhone
		{B5F7C060-F6C3-4E2E-AFA0-4008FAD33BC3}.AppStore|iPhoneSimulator.ActiveCfg = AppStore|iPhoneSimulator
		{B5F7C060-F6C3-4E2E-AFA0-4008FAD33BC3}.AppStore|iPhoneSimulator.Build.0 = AppStore|iPhoneSimulator
		{B5F7C060-F6C3-4E2E-AFA0-4008FAD33BC3}.AppStore|iPhoneSimulator.Deploy.0 = AppStore|iPhoneSimulator
		{B5F7C060-F6C3-4E2E-AFA0-4008FAD33BC3}.AppStore|x64.ActiveCfg = AppStore|iPhone
		{B5F7C060-F6C3-4E2E-AFA0-4008FAD33BC3}.AppStore|x64.Build.0 = AppStore|iPhone
		{B5F7C060-F6C3-4E2E-AFA0-4008FAD33BC3}.AppStore|x64.Deploy.0 = AppStore|iPhone
		{B5F7C060-F6C3-4E2E-AFA0-4008FAD33BC3}.AppStore|x86.ActiveCfg = AppStore|iPhone
		{B5F7C060-F6C3-4E2E-AFA0-4008FAD33BC3}.AppStore|x86.Build.0 = AppStore|iPhone
		{B5F7C060-F6C3-4E2E-AFA0-4008FAD33BC3}.AppStore|x86.Deploy.0 = AppStore|iPhone
		{B5F7C060-F6C3-4E2E-AFA0-4008FAD33BC3}.Debug|Any CPU.ActiveCfg = Debug|iPhoneSimulator
		{B5F7C060-F6C3-4E2E-AFA0-4008FAD33BC3}.Debug|Any CPU.Build.0 = Debug|iPhoneSimulator
		{B5F7C060-F6C3-4E2E-AFA0-4008FAD33BC3}.Debug|Any CPU.Deploy.0 = Debug|iPhoneSimulator
		{B5F7C060-F6C3-4E2E-AFA0-4008FAD33BC3}.Debug|ARM.ActiveCfg = Debug|iPhone
		{B5F7C060-F6C3-4E2E-AFA0-4008FAD33BC3}.Debug|ARM.Build.0 = Debug|iPhone
		{B5F7C060-F6C3-4E2E-AFA0-4008FAD33BC3}.Debug|ARM.Deploy.0 = Debug|iPhone
		{B5F7C060-F6C3-4E2E-AFA0-4008FAD33BC3}.Debug|iPhone.ActiveCfg = Debug|iPhone
		{B5F7C060-F6C3-4E2E-AFA0-4008FAD33BC3}.Debug|iPhone.Build.0 = Debug|iPhone
		{B5F7C060-F6C3-4E2E-AFA0-4008FAD33BC3}.Debug|iPhone.Deploy.0 = Debug|iPhone
		{B5F7C060-F6C3-4E2E-AFA0-4008FAD33BC3}.Debug|iPhoneSimulator.ActiveCfg = Debug|iPhoneSimulator
		{B5F7C060-F6C3-4E2E-AFA0-4008FAD33BC3}.Debug|iPhoneSimulator.Build.0 = Debug|iPhoneSimulator
		{B5F7C060-F6C3-4E2E-AFA0-4008FAD33BC3}.Debug|iPhoneSimulator.Deploy.0 = Debug|iPhoneSimulator
		{B5F7C060-F6C3-4E2E-AFA0-4008FAD33BC3}.Debug|x64.ActiveCfg = Debug|iPhone
		{B5F7C060-F6C3-4E2E-AFA0-4008FAD33BC3}.Debug|x64.Build.0 = Debug|iPhone
		{B5F7C060-F6C3-4E2E-AFA0-4008FAD33BC3}.Debug|x64.Deploy.0 = Debug|iPhone
		{B5F7C060-F6C3-4E2E-AFA0-4008FAD33BC3}.Debug|x86.ActiveCfg = Debug|iPhone
		{B5F7C060-F6C3-4E2E-AFA0-4008FAD33BC3}.Debug|x86.Build.0 = Debug|iPhone
		{B5F7C060-F6C3-4E2E-AFA0-4008FAD33BC3}.Debug|x86.Deploy.0 = Debug|iPhone
		{B5F7C060-F6C3-4E2E-AFA0-4008FAD33BC3}.Release|Any CPU.ActiveCfg = Release|iPhone
		{B5F7C060-F6C3-4E2E-AFA0-4008FAD33BC3}.Release|Any CPU.Build.0 = Release|iPhone
		{B5F7C060-F6C3-4E2E-AFA0-4008FAD33BC3}.Release|Any CPU.Deploy.0 = Release|iPhone
		{B5F7C060-F6C3-4E2E-AFA0-4008FAD33BC3}.Release|ARM.ActiveCfg = Release|iPhone
		{B5F7C060-F6C3-4E2E-AFA0-4008FAD33BC3}.Release|ARM.Build.0 = Release|iPhone
		{B5F7C060-F6C3-4E2E-AFA0-4008FAD33BC3}.Release|ARM.Deploy.0 = Release|iPhone
		{B5F7C060-F6C3-4E2E-AFA0-4008FAD33BC3}.Release|iPhone.ActiveCfg = Release|iPhone
		{B5F7C060-F6C3-4E2E-AFA0-4008FAD33BC3}.Release|iPhone.Build.0 = Release|iPhone
		{B5F7C060-F6C3-4E2E-AFA0-4008FAD33BC3}.Release|iPhone.Deploy.0 = Release|iPhone
		{B5F7C060-F6C3-4E2E-AFA0-4008FAD33BC3}.Release|iPhoneSimulator.ActiveCfg = Release|iPhoneSimulator
		{B5F7C060-F6C3-4E2E-AFA0-4008FAD33BC3}.Release|iPhoneSimulator.Build.0 = Release|iPhoneSimulator
		{B5F7C060-F6C3-4E2E-AFA0-4008FAD33BC3}.Release|iPhoneSimulator.Deploy.0 = Release|iPhoneSimulator
		{B5F7C060-F6C3-4E2E-AFA0-4008FAD33BC3}.Release|x64.ActiveCfg = Release|iPhone
		{B5F7C060-F6C3-4E2E-AFA0-4008FAD33BC3}.Release|x64.Build.0 = Release|iPhone
		{B5F7C060-F6C3-4E2E-AFA0-4008FAD33BC3}.Release|x64.Deploy.0 = Release|iPhone
		{B5F7C060-F6C3-4E2E-AFA0-4008FAD33BC3}.Release|x86.ActiveCfg = Release|iPhone
		{B5F7C060-F6C3-4E2E-AFA0-4008FAD33BC3}.Release|x86.Build.0 = Release|iPhone
		{B5F7C060-F6C3-4E2E-AFA0-4008FAD33BC3}.Release|x86.Deploy.0 = Release|iPhone
		{DC141A18-3948-4DAA-B0C8-4BC3BD5A9A82}.Ad-Hoc|Any CPU.ActiveCfg = Release|x86
		{DC141A18-3948-4DAA-B0C8-4BC3BD5A9A82}.Ad-Hoc|Any CPU.Build.0 = Release|x86
		{DC141A18-3948-4DAA-B0C8-4BC3BD5A9A82}.Ad-Hoc|Any CPU.Deploy.0 = Release|x86
		{DC141A18-3948-4DAA-B0C8-4BC3BD5A9A82}.Ad-Hoc|ARM.ActiveCfg = Release|ARM
		{DC141A18-3948-4DAA-B0C8-4BC3BD5A9A82}.Ad-Hoc|ARM.Build.0 = Release|ARM
		{DC141A18-3948-4DAA-B0C8-4BC3BD5A9A82}.Ad-Hoc|ARM.Deploy.0 = Release|ARM
		{DC141A18-3948-4DAA-B0C8-4BC3BD5A9A82}.Ad-Hoc|iPhone.ActiveCfg = Release|x86
		{DC141A18-3948-4DAA-B0C8-4BC3BD5A9A82}.Ad-Hoc|iPhone.Build.0 = Release|x86
		{DC141A18-3948-4DAA-B0C8-4BC3BD5A9A82}.Ad-Hoc|iPhone.Deploy.0 = Release|x86
		{DC141A18-3948-4DAA-B0C8-4BC3BD5A9A82}.Ad-Hoc|iPhoneSimulator.ActiveCfg = Release|x86
		{DC141A18-3948-4DAA-B0C8-4BC3BD5A9A82}.Ad-Hoc|iPhoneSimulator.Build.0 = Release|x86
		{DC141A18-3948-4DAA-B0C8-4BC3BD5A9A82}.Ad-Hoc|iPhoneSimulator.Deploy.0 = Release|x86
		{DC141A18-3948-4DAA-B0C8-4BC3BD5A9A82}.Ad-Hoc|x64.ActiveCfg = Release|x64
		{DC141A18-3948-4DAA-B0C8-4BC3BD5A9A82}.Ad-Hoc|x64.Build.0 = Release|x64
		{DC141A18-3948-4DAA-B0C8-4BC3BD5A9A82}.Ad-Hoc|x64.Deploy.0 = Release|x64
		{DC141A18-3948-4DAA-B0C8-4BC3BD5A9A82}.Ad-Hoc|x86.ActiveCfg = Release|x86
		{DC141A18-3948-4DAA-B0C8-4BC3BD5A9A82}.Ad-Hoc|x86.Build.0 = Release|x86
		{DC141A18-3948-4DAA-B0C8-4BC3BD5A9A82}.Ad-Hoc|x86.Deploy.0 = Release|x86
		{DC141A18-3948-4DAA-B0C8-4BC3BD5A9A82}.AppStore|Any CPU.ActiveCfg = Release|x86
		{DC141A18-3948-4DAA-B0C8-4BC3BD5A9A82}.AppStore|Any CPU.Build.0 = Release|x86
		{DC141A18-3948-4DAA-B0C8-4BC3BD5A9A82}.AppStore|Any CPU.Deploy.0 = Release|x86
		{DC141A18-3948-4DAA-B0C8-4BC3BD5A9A82}.AppStore|ARM.ActiveCfg = Release|ARM
		{DC141A18-3948-4DAA-B0C8-4BC3BD5A9A82}.AppStore|ARM.Build.0 = Release|ARM
		{DC141A18-3948-4DAA-B0C8-4BC3BD5A9A82}.AppStore|ARM.Deploy.0 = Release|ARM
		{DC141A18-3948-4DAA-B0C8-4BC3BD5A9A82}.AppStore|iPhone.ActiveCfg = Release|x86
		{DC141A18-3948-4DAA-B0C8-4BC3BD5A9A82}.AppStore|iPhone.Build.0 = Release|x86
		{DC141A18-3948-4DAA-B0C8-4BC3BD5A9A82}.AppStore|iPhone.Deploy.0 = Release|x86
		{DC141A18-3948-4DAA-B0C8-4BC3BD5A9A82}.AppStore|iPhoneSimulator.ActiveCfg = Release|x86
		{DC141A18-3948-4DAA-B0C8-4BC3BD5A9A82}.AppStore|iPhoneSimulator.Build.0 = Release|x86
		{DC141A18-3948-4DAA-B0C8-4BC3BD5A9A82}.AppStore|iPhoneSimulator.Deploy.0 = Release|x86
		{DC141A18-3948-4DAA-B0C8-4BC3BD5A9A82}.AppStore|x64.ActiveCfg = Release|x64
		{DC141A18-3948-4DAA-B0C8-4BC3BD5A9A82}.AppStore|x64.Build.0 = Release|x64
		{DC141A18-3948-4DAA-B0C8-4BC3BD5A9A82}.AppStore|x64.Deploy.0 = Release|x64
		{DC141A18-3948-4DAA-B0C8-4BC3BD5A9A82}.AppStore|x86.ActiveCfg = Release|x86
		{DC141A18-3948-4DAA-B0C8-4BC3BD5A9A82}.AppStore|x86.Build.0 = Release|x86
		{DC141A18-3948-4DAA-B0C8-4BC3BD5A9A82}.AppStore|x86.Deploy.0 = Release|x86
		{DC141A18-3948-4DAA-B0C8-4BC3BD5A9A82}.Debug|Any CPU.ActiveCfg = Debug|x86
		{DC141A18-3948-4DAA-B0C8-4BC3BD5A9A82}.Debug|Any CPU.Build.0 = Debug|x86
		{DC141A18-3948-4DAA-B0C8-4BC3BD5A9A82}.Debug|Any CPU.Deploy.0 = Debug|x86
		{DC141A18-3948-4DAA-B0C8-4BC3BD5A9A82}.Debug|ARM.ActiveCfg = Debug|ARM
		{DC141A18-3948-4DAA-B0C8-4BC3BD5A9A82}.Debug|ARM.Build.0 = Debug|ARM
		{DC141A18-3948-4DAA-B0C8-4BC3BD5A9A82}.Debug|ARM.Deploy.0 = Debug|ARM
		{DC141A18-3948-4DAA-B0C8-4BC3BD5A9A82}.Debug|iPhone.ActiveCfg = Debug|x86
		{DC141A18-3948-4DAA-B0C8-4BC3BD5A9A82}.Debug|iPhone.Build.0 = Debug|x86
		{DC141A18-3948-4DAA-B0C8-4BC3BD5A9A82}.Debug|iPhone.Deploy.0 = Debug|x86
		{DC141A18-3948-4DAA-B0C8-4BC3BD5A9A82}.Debug|iPhoneSimulator.ActiveCfg = Debug|x86
		{DC141A18-3948-4DAA-B0C8-4BC3BD5A9A82}.Debug|iPhoneSimulator.Build.0 = Debug|x86
		{DC141A18-3948-4DAA-B0C8-4BC3BD5A9A82}.Debug|iPhoneSimulator.Deploy.0 = Debug|x86
		{DC141A18-3948-4DAA-B0C8-4BC3BD5A9A82}.Debug|x64.ActiveCfg = Debug|x64
		{DC141A18-3948-4DAA-B0C8-4BC3BD5A9A82}.Debug|x64.Build.0 = Debug|x64
		{DC141A18-3948-4DAA-B0C8-4BC3BD5A9A82}.Debug|x64.Deploy.0 = Debug|x64
		{DC141A18-3948-4DAA-B0C8-4BC3BD5A9A82}.Debug|x86.ActiveCfg = Debug|x86
		{DC141A18-3948-4DAA-B0C8-4BC3BD5A9A82}.Debug|x86.Build.0 = Debug|x86
		{DC141A18-3948-4DAA-B0C8-4BC3BD5A9A82}.Debug|x86.Deploy.0 = Debug|x86
		{DC141A18-3948-4DAA-B0C8-4BC3BD5A9A82}.Release|Any CPU.ActiveCfg = Release|x86
		{DC141A18-3948-4DAA-B0C8-4BC3BD5A9A82}.Release|Any CPU.Build.0 = Release|x86
		{DC141A18-3948-4DAA-B0C8-4BC3BD5A9A82}.Release|Any CPU.Deploy.0 = Release|x86
		{DC141A18-3948-4DAA-B0C8-4BC3BD5A9A82}.Release|ARM.ActiveCfg = Release|ARM
		{DC141A18-3948-4DAA-B0C8-4BC3BD5A9A82}.Release|ARM.Build.0 = Release|ARM
		{DC141A18-3948-4DAA-B0C8-4BC3BD5A9A82}.Release|ARM.Deploy.0 = Release|ARM
		{DC141A18-3948-4DAA-B0C8-4BC3BD5A9A82}.Release|iPhone.ActiveCfg = Release|x86
		{DC141A18-3948-4DAA-B0C8-4BC3BD5A9A82}.Release|iPhone.Build.0 = Release|x86
		{DC141A18-3948-4DAA-B0C8-4BC3BD5A9A82}.Release|iPhone.Deploy.0 = Release|x86
		{DC141A18-3948-4DAA-B0C8-4BC3BD5A9A82}.Release|iPhoneSimulator.ActiveCfg = Release|x86
		{DC141A18-3948-4DAA-B0C8-4BC3BD5A9A82}.Release|iPhoneSimulator.Build.0 = Release|x86
		{DC141A18-3948-4DAA-B0C8-4BC3BD5A9A82}.Release|iPhoneSimulator.Deploy.0 = Release|x86
		{DC141A18-3948-4DAA-B0C8-4BC3BD5A9A82}.Release|x64.ActiveCfg = Release|x64
		{DC141A18-3948-4DAA-B0C8-4BC3BD5A9A82}.Release|x64.Build.0 = Release|x64
		{DC141A18-3948-4DAA-B0C8-4BC3BD5A9A82}.Release|x64.Deploy.0 = Release|x64
		{DC141A18-3948-4DAA-B0C8-4BC3BD5A9A82}.Release|x86.ActiveCfg = Release|x86
		{DC141A18-3948-4DAA-B0C8-4BC3BD5A9A82}.Release|x86.Build.0 = Release|x86
		{DC141A18-3948-4DAA-B0C8-4BC3BD5A9A82}.Release|x86.Deploy.0 = Release|x86
		{D17DF327-7812-4B61-B39B-C34BC01D98FD}.Ad-Hoc|Any CPU.ActiveCfg = Debug|Any CPU
		{D17DF327-7812-4B61-B39B-C34BC01D98FD}.Ad-Hoc|Any CPU.Build.0 = Debug|Any CPU
		{D17DF327-7812-4B61-B39B-C34BC01D98FD}.Ad-Hoc|Any CPU.Deploy.0 = Debug|Any CPU
		{D17DF327-7812-4B61-B39B-C34BC01D98FD}.Ad-Hoc|ARM.ActiveCfg = Debug|Any CPU
		{D17DF327-7812-4B61-B39B-C34BC01D98FD}.Ad-Hoc|ARM.Build.0 = Debug|Any CPU
		{D17DF327-7812-4B61-B39B-C34BC01D98FD}.Ad-Hoc|ARM.Deploy.0 = Debug|Any CPU
		{D17DF327-7812-4B61-B39B-C34BC01D98FD}.Ad-Hoc|iPhone.ActiveCfg = Debug|Any CPU
		{D17DF327-7812-4B61-B39B-C34BC01D98FD}.Ad-Hoc|iPhone.Build.0 = Debug|Any CPU
		{D17DF327-7812-4B61-B39B-C34BC01D98FD}.Ad-Hoc|iPhone.Deploy.0 = Debug|Any CPU
		{D17DF327-7812-4B61-B39B-C34BC01D98FD}.Ad-Hoc|iPhoneSimulator.ActiveCfg = Debug|Any CPU
		{D17DF327-7812-4B61-B39B-C34BC01D98FD}.Ad-Hoc|iPhoneSimulator.Build.0 = Debug|Any CPU
		{D17DF327-7812-4B61-B39B-C34BC01D98FD}.Ad-Hoc|iPhoneSimulator.Deploy.0 = Debug|Any CPU
		{D17DF327-7812-4B61-B39B-C34BC01D98FD}.Ad-Hoc|x64.ActiveCfg = Debug|Any CPU
		{D17DF327-7812-4B61-B39B-C34BC01D98FD}.Ad-Hoc|x64.Build.0 = Debug|Any CPU
		{D17DF327-7812-4B61-B39B-C34BC01D98FD}.Ad-Hoc|x64.Deploy.0 = Debug|Any CPU
		{D17DF327-7812-4B61-B39B-C34BC01D98FD}.Ad-Hoc|x86.ActiveCfg = Debug|Any CPU
		{D17DF327-7812-4B61-B39B-C34BC01D98FD}.Ad-Hoc|x86.Build.0 = Debug|Any CPU
		{D17DF327-7812-4B61-B39B-C34BC01D98FD}.Ad-Hoc|x86.Deploy.0 = Debug|Any CPU
		{D17DF327-7812-4B61-B39B-C34BC01D98FD}.AppStore|Any CPU.ActiveCfg = Debug|Any CPU
		{D17DF327-7812-4B61-B39B-C34BC01D98FD}.AppStore|Any CPU.Build.0 = Debug|Any CPU
		{D17DF327-7812-4B61-B39B-C34BC01D98FD}.AppStore|Any CPU.Deploy.0 = Debug|Any CPU
		{D17DF327-7812-4B61-B39B-C34BC01D98FD}.AppStore|ARM.ActiveCfg = Debug|Any CPU
		{D17DF327-7812-4B61-B39B-C34BC01D98FD}.AppStore|ARM.Build.0 = Debug|Any CPU
		{D17DF327-7812-4B61-B39B-C34BC01D98FD}.AppStore|ARM.Deploy.0 = Debug|Any CPU
		{D17DF327-7812-4B61-B39B-C34BC01D98FD}.AppStore|iPhone.ActiveCfg = Debug|Any CPU
		{D17DF327-7812-4B61-B39B-C34BC01D98FD}.AppStore|iPhone.Build.0 = Debug|Any CPU
		{D17DF327-7812-4B61-B39B-C34BC01D98FD}.AppStore|iPhone.Deploy.0 = Debug|Any CPU
		{D17DF327-7812-4B61-B39B-C34BC01D98FD}.AppStore|iPhoneSimulator.ActiveCfg = Debug|Any CPU
		{D17DF327-7812-4B61-B39B-C34BC01D98FD}.AppStore|iPhoneSimulator.Build.0 = Debug|Any CPU
		{D17DF327-7812-4B61-B39B-C34BC01D98FD}.AppStore|iPhoneSimulator.Deploy.0 = Debug|Any CPU
		{D17DF327-7812-4B61-B39B-C34BC01D98FD}.AppStore|x64.ActiveCfg = Debug|Any CPU
		{D17DF327-7812-4B61-B39B-C34BC01D98FD}.AppStore|x64.Build.0 = Debug|Any CPU
		{D17DF327-7812-4B61-B39B-C34BC01D98FD}.AppStore|x64.Deploy.0 = Debug|Any CPU
		{D17DF327-7812-4B61-B39B-C34BC01D98FD}.AppStore|x86.ActiveCfg = Debug|Any CPU
		{D17DF327-7812-4B61-B39B-C34BC01D98FD}.AppStore|x86.Build.0 = Debug|Any CPU
		{D17DF327-7812-4B61-B39B-C34BC01D98FD}.AppStore|x86.Deploy.0 = Debug|Any CPU
		{D17DF327-7812-4B61-B39B-C34BC01D98FD}.Debug|Any CPU.ActiveCfg = Debug|Any CPU
		{D17DF327-7812-4B61-B39B-C34BC01D98FD}.Debug|Any CPU.Build.0 = Debug|Any CPU
		{D17DF327-7812-4B61-B39B-C34BC01D98FD}.Debug|Any CPU.Deploy.0 = Debug|Any CPU
		{D17DF327-7812-4B61-B39B-C34BC01D98FD}.Debug|ARM.ActiveCfg = Debug|Any CPU
		{D17DF327-7812-4B61-B39B-C34BC01D98FD}.Debug|ARM.Build.0 = Debug|Any CPU
		{D17DF327-7812-4B61-B39B-C34BC01D98FD}.Debug|ARM.Deploy.0 = Debug|Any CPU
		{D17DF327-7812-4B61-B39B-C34BC01D98FD}.Debug|iPhone.ActiveCfg = Debug|Any CPU
		{D17DF327-7812-4B61-B39B-C34BC01D98FD}.Debug|iPhone.Build.0 = Debug|Any CPU
		{D17DF327-7812-4B61-B39B-C34BC01D98FD}.Debug|iPhone.Deploy.0 = Debug|Any CPU
		{D17DF327-7812-4B61-B39B-C34BC01D98FD}.Debug|iPhoneSimulator.ActiveCfg = Debug|Any CPU
		{D17DF327-7812-4B61-B39B-C34BC01D98FD}.Debug|iPhoneSimulator.Build.0 = Debug|Any CPU
		{D17DF327-7812-4B61-B39B-C34BC01D98FD}.Debug|iPhoneSimulator.Deploy.0 = Debug|Any CPU
		{D17DF327-7812-4B61-B39B-C34BC01D98FD}.Debug|x64.ActiveCfg = Debug|Any CPU
		{D17DF327-7812-4B61-B39B-C34BC01D98FD}.Debug|x64.Build.0 = Debug|Any CPU
		{D17DF327-7812-4B61-B39B-C34BC01D98FD}.Debug|x64.Deploy.0 = Debug|Any CPU
		{D17DF327-7812-4B61-B39B-C34BC01D98FD}.Debug|x86.ActiveCfg = Debug|Any CPU
		{D17DF327-7812-4B61-B39B-C34BC01D98FD}.Debug|x86.Build.0 = Debug|Any CPU
		{D17DF327-7812-4B61-B39B-C34BC01D98FD}.Debug|x86.Deploy.0 = Debug|Any CPU
		{D17DF327-7812-4B61-B39B-C34BC01D98FD}.Release|Any CPU.ActiveCfg = Release|Any CPU
		{D17DF327-7812-4B61-B39B-C34BC01D98FD}.Release|Any CPU.Build.0 = Release|Any CPU
		{D17DF327-7812-4B61-B39B-C34BC01D98FD}.Release|Any CPU.Deploy.0 = Release|Any CPU
		{D17DF327-7812-4B61-B39B-C34BC01D98FD}.Release|ARM.ActiveCfg = Release|Any CPU
		{D17DF327-7812-4B61-B39B-C34BC01D98FD}.Release|ARM.Build.0 = Release|Any CPU
		{D17DF327-7812-4B61-B39B-C34BC01D98FD}.Release|ARM.Deploy.0 = Release|Any CPU
		{D17DF327-7812-4B61-B39B-C34BC01D98FD}.Release|iPhone.ActiveCfg = Release|Any CPU
		{D17DF327-7812-4B61-B39B-C34BC01D98FD}.Release|iPhone.Build.0 = Release|Any CPU
		{D17DF327-7812-4B61-B39B-C34BC01D98FD}.Release|iPhone.Deploy.0 = Release|Any CPU
		{D17DF327-7812-4B61-B39B-C34BC01D98FD}.Release|iPhoneSimulator.ActiveCfg = Release|Any CPU
		{D17DF327-7812-4B61-B39B-C34BC01D98FD}.Release|iPhoneSimulator.Build.0 = Release|Any CPU
		{D17DF327-7812-4B61-B39B-C34BC01D98FD}.Release|iPhoneSimulator.Deploy.0 = Release|Any CPU
		{D17DF327-7812-4B61-B39B-C34BC01D98FD}.Release|x64.ActiveCfg = Release|Any CPU
		{D17DF327-7812-4B61-B39B-C34BC01D98FD}.Release|x64.Build.0 = Release|Any CPU
		{D17DF327-7812-4B61-B39B-C34BC01D98FD}.Release|x64.Deploy.0 = Release|Any CPU
		{D17DF327-7812-4B61-B39B-C34BC01D98FD}.Release|x86.ActiveCfg = Release|Any CPU
		{D17DF327-7812-4B61-B39B-C34BC01D98FD}.Release|x86.Build.0 = Release|Any CPU
		{D17DF327-7812-4B61-B39B-C34BC01D98FD}.Release|x86.Deploy.0 = Release|Any CPU
	EndGlobalSection
	GlobalSection(SolutionProperties) = preSolution
		HideSolutionNode = FALSE
	EndGlobalSection
	GlobalSection(ExtensibilityGlobals) = postSolution
		SolutionGuid = {41DB97B1-5BE7-44B5-839A-CF7E2E2A1CD4}
	EndGlobalSection
EndGlobal
